
Microsoft Visual Studio Solution File, Format Version 12.00
# Visual Studio Version 17
VisualStudioVersion = 17.8.34511.84
MinimumVisualStudioVersion = 10.0.40219.1
Project("{FAE04EC0-301F-11D3-BF4B-00C04F79EFBC}") = "BlogAPI2", "BlogAPI2\BlogAPI2.csproj", "{D1338B3F-9C74-40F5-9B27-2A36BFB46492}"
EndProject
Project("{E53339B2-1760-4266-BCC7-CA923CBCF16C}") = "docker-compose", "docker-compose.dcproj", "{1A387777-54B0-4066-ADB4-9216B4E98725}"
EndProject
Global
	GlobalSection(SolutionConfigurationPlatforms) = preSolution
		Debug|Any CPU = Debug|Any CPU
		Release|Any CPU = Release|Any CPU
	EndGlobalSection
	GlobalSection(ProjectConfigurationPlatforms) = postSolution
		{D1338B3F-9C74-40F5-9B27-2A36BFB46492}.Debug|Any CPU.ActiveCfg = Debug|Any CPU
		{D1338B3F-9C74-40F5-9B27-2A36BFB46492}.Debug|Any CPU.Build.0 = Debug|Any CPU
		{D1338B3F-9C74-40F5-9B27-2A36BFB46492}.Release|Any CPU.ActiveCfg = Release|Any CPU
		{D1338B3F-9C74-40F5-9B27-2A36BFB46492}.Release|Any CPU.Build.0 = Release|Any CPU
		{1A387777-54B0-4066-ADB4-9216B4E98725}.Debug|Any CPU.ActiveCfg = Debug|Any CPU
		{1A387777-54B0-4066-ADB4-9216B4E98725}.Debug|Any CPU.Build.0 = Debug|Any CPU
		{1A387777-54B0-4066-ADB4-9216B4E98725}.Release|Any CPU.ActiveCfg = Release|Any CPU
		{1A387777-54B0-4066-ADB4-9216B4E98725}.Release|Any CPU.Build.0 = Release|Any CPU
	EndGlobalSection
	GlobalSection(SolutionProperties) = preSolution
		HideSolutionNode = FALSE
	EndGlobalSection
	GlobalSection(ExtensibilityGlobals) = postSolution
		SolutionGuid = {0E393463-003F-48C8-84C4-B48C80A7D2BD}
	EndGlobalSection
EndGlobal
